
Microsoft Visual Studio Solution File, Format Version 12.00
# Visual Studio Version 16
VisualStudioVersion = 16.0.30002.166
MinimumVisualStudioVersion = 10.0.40219.1
Project("{FAE04EC0-301F-11D3-BF4B-00C04F79EFBC}") = "LoggiMotoboy.API", "LoggiMotoboy.API\LoggiMotoboy.API.csproj", "{92A7F9FF-22CA-45A2-AB57-3AB269DD3DF0}"
EndProject
Project("{FAE04EC0-301F-11D3-BF4B-00C04F79EFBC}") = "LoggiMotoboy.Console", "LoggiMotoboy.Console\LoggiMotoboy.Console.csproj", "{14C8249B-17C0-48CB-BCBA-446CB0F20248}"
EndProject
Global
	GlobalSection(SolutionConfigurationPlatforms) = preSolution
		Debug|Any CPU = Debug|Any CPU
		Release|Any CPU = Release|Any CPU
	EndGlobalSection
	GlobalSection(ProjectConfigurationPlatforms) = postSolution
		{92A7F9FF-22CA-45A2-AB57-3AB269DD3DF0}.Debug|Any CPU.ActiveCfg = Debug|Any CPU
		{92A7F9FF-22CA-45A2-AB57-3AB269DD3DF0}.Debug|Any CPU.Build.0 = Debug|Any CPU
		{92A7F9FF-22CA-45A2-AB57-3AB269DD3DF0}.Release|Any CPU.ActiveCfg = Release|Any CPU
		{92A7F9FF-22CA-45A2-AB57-3AB269DD3DF0}.Release|Any CPU.Build.0 = Release|Any CPU
		{14C8249B-17C0-48CB-BCBA-446CB0F20248}.Debug|Any CPU.ActiveCfg = Debug|Any CPU
		{14C8249B-17C0-48CB-BCBA-446CB0F20248}.Debug|Any CPU.Build.0 = Debug|Any CPU
		{14C8249B-17C0-48CB-BCBA-446CB0F20248}.Release|Any CPU.ActiveCfg = Release|Any CPU
		{14C8249B-17C0-48CB-BCBA-446CB0F20248}.Release|Any CPU.Build.0 = Release|Any CPU
	EndGlobalSection
	GlobalSection(SolutionProperties) = preSolution
		HideSolutionNode = FALSE
	EndGlobalSection
	GlobalSection(ExtensibilityGlobals) = postSolution
		SolutionGuid = {60007781-5DF1-417C-B788-83CFBFFB59A8}
	EndGlobalSection
EndGlobal
